
Microsoft Visual Studio Solution File, Format Version 12.00
# Visual Studio 15
VisualStudioVersion = 15.0.28010.2048
MinimumVisualStudioVersion = 10.0.40219.1
Project("{FAE04EC0-301F-11D3-BF4B-00C04F79EFBC}") = "ModifyIEProxyConsole", "ModifyIEProxyConsole\ModifyIEProxyConsole.csproj", "{F5FFD83B-FCE8-4D40-BEE6-129451E6B08D}"
EndProject
Global
	GlobalSection(SolutionConfigurationPlatforms) = preSolution
		Debug|Any CPU = Debug|Any CPU
		Release|Any CPU = Release|Any CPU
	EndGlobalSection
	GlobalSection(ProjectConfigurationPlatforms) = postSolution
		{F5FFD83B-FCE8-4D40-BEE6-129451E6B08D}.Debug|Any CPU.ActiveCfg = Debug|Any CPU
		{F5FFD83B-FCE8-4D40-BEE6-129451E6B08D}.Debug|Any CPU.Build.0 = Debug|Any CPU
		{F5FFD83B-FCE8-4D40-BEE6-129451E6B08D}.Release|Any CPU.ActiveCfg = Release|Any CPU
		{F5FFD83B-FCE8-4D40-BEE6-129451E6B08D}.Release|Any CPU.Build.0 = Release|Any CPU
	EndGlobalSection
	GlobalSection(SolutionProperties) = preSolution
		HideSolutionNode = FALSE
	EndGlobalSection
	GlobalSection(ExtensibilityGlobals) = postSolution
		SolutionGuid = {3E6C170F-9F97-4887-8155-F109D10447B6}
	EndGlobalSection
EndGlobal
